{
    "_readme": [
        "This file locks the dependencies of your project to a known state",
        "Read more about it at https://getcomposer.org/doc/01-basic-usage.md#composer-lock-the-lock-file",
        "This file is @generated automatically"
    ],
    "hash": "8b43ee2c9b7d512a8c53d51bfc31522c",
    "content-hash": "d60a4306a68810a34cd0622f2f22cf6c",
    "packages": [
        {
            "name": "driftyco/ionicons",
            "version": "v2.0.1",
            "source": {
                "type": "git",
                "url": "https://github.com/driftyco/ionicons.git",
                "reference": "ecb4b806831005c25b97ed9089fbb1d7dcc0879c"
            },
            "dist": {
                "type": "zip",
                "url": "https://api.github.com/repos/driftyco/ionicons/zipball/ecb4b806831005c25b97ed9089fbb1d7dcc0879c",
                "reference": "ecb4b806831005c25b97ed9089fbb1d7dcc0879c",
                "shasum": ""
            },
            "type": "library",
            "notification-url": "https://packagist.org/downloads/",
            "license": [
                "MIT"
            ],
            "authors": [
                {
                    "name": "Adam Bradley",
                    "email": "adam@drifty.com",
                    "homepage": "https://twitter.com/adamdbradley",
                    "role": "Developer"
                },
                {
                    "name": "Max Lynch",
                    "email": "max@drifty.com",
                    "homepage": "https://twitter.com/maxlynch",
                    "role": "Developer"
                },
                {
                    "name": "Ben Sperry",
                    "email": "ben@drifty.com",
                    "homepage": "https://twitter.com/benjsperry",
                    "role": "Designer"
                }
            ],
            "description": "The premium icon font for Ionic Framework.",
            "homepage": "http://ionicons.com/",
            "keywords": [
                "fonts",
                "icon font",
                "icons",
                "ionic",
                "web font"
            ],
            "time": "2015-01-03 20:02:30"
        }
    ],
    "packages-dev": [],
    "aliases": [],
    "minimum-stability": "stable",
    "stability-flags": [],
    "prefer-stable": false,
    "prefer-lowest": false,
    "platform": [],
    "platform-dev": []
}
